
Microsoft Visual Studio Solution File, Format Version 12.00
# Visual Studio for Mac
Project("{FAE04EC0-301F-11D3-BF4B-00C04F79EFBC}") = "GingaHyoryu", "GingaHyoryu.csproj", "{F995A620-8A86-694E-B616-189C049A72C1}"
EndProject
Project("{FAE04EC0-301F-11D3-BF4B-00C04F79EFBC}") = "GingaHyoryu.Plugins", "GingaHyoryu.Plugins.csproj", "{0E94F0D2-CD4F-F781-700A-E3F122A7DA1F}"
EndProject
Project("{FAE04EC0-301F-11D3-BF4B-00C04F79EFBC}") = "GingaHyoryu.Editor.Plugins", "GingaHyoryu.Editor.Plugins.csproj", "{EAF9C896-F660-F65A-988D-9007FE5F37C0}"
EndProject
Global
	GlobalSection(SolutionConfigurationPlatforms) = preSolution
		Debug|Any CPU = Debug|Any CPU
		Release|Any CPU = Release|Any CPU
	EndGlobalSection
	GlobalSection(ProjectConfigurationPlatforms) = postSolution
		{F995A620-8A86-694E-B616-189C049A72C1}.Debug|Any CPU.ActiveCfg = Debug|Any CPU
		{F995A620-8A86-694E-B616-189C049A72C1}.Debug|Any CPU.Build.0 = Debug|Any CPU
		{F995A620-8A86-694E-B616-189C049A72C1}.Release|Any CPU.ActiveCfg = Release|Any CPU
		{F995A620-8A86-694E-B616-189C049A72C1}.Release|Any CPU.Build.0 = Release|Any CPU
		{0E94F0D2-CD4F-F781-700A-E3F122A7DA1F}.Debug|Any CPU.ActiveCfg = Debug|Any CPU
		{0E94F0D2-CD4F-F781-700A-E3F122A7DA1F}.Debug|Any CPU.Build.0 = Debug|Any CPU
		{0E94F0D2-CD4F-F781-700A-E3F122A7DA1F}.Release|Any CPU.ActiveCfg = Release|Any CPU
		{0E94F0D2-CD4F-F781-700A-E3F122A7DA1F}.Release|Any CPU.Build.0 = Release|Any CPU
		{EAF9C896-F660-F65A-988D-9007FE5F37C0}.Debug|Any CPU.ActiveCfg = Debug|Any CPU
		{EAF9C896-F660-F65A-988D-9007FE5F37C0}.Debug|Any CPU.Build.0 = Debug|Any CPU
		{EAF9C896-F660-F65A-988D-9007FE5F37C0}.Release|Any CPU.ActiveCfg = Release|Any CPU
		{EAF9C896-F660-F65A-988D-9007FE5F37C0}.Release|Any CPU.Build.0 = Release|Any CPU
	EndGlobalSection
	GlobalSection(SolutionProperties) = preSolution
		HideSolutionNode = FALSE
	EndGlobalSection
EndGlobal
